github.com/go-pdf/fpdf v0.9.0 h1:PPvSaUuo1iMi9KkaAn90NuKi+P4gwMedWPHhj8YlJQw=
github.com/go-pdf/fpdf v0.9.0/go.mod h1:oO8N111TkmKb9D7VvWGLvLJlaZUQVPM+6V42pp3iV4Y=
github.com/lxn/walk v0.0.0-20210112085537-c389da54e794 h1:NVRJ0Uy0SOFcXSKLsS65OmI1sgCCfiDUPj+cwnH7GZw=
github.com/lxn/walk v0.0.0-20210112085537-c389da54e794/go.mod h1:E23UucZGqpuUANJooIbHWCufXvOcT6E7Stq81gU+CSQ=
github.com/lxn/win v0.0.0-20210218163916-a377121e959e h1:H+t6A/QJMbhCSEH5rAuRxh+CtW96g0Or0Fxa9IKr4uc=
github.com/lxn/win v0.0.0-20210218163916-a377121e959e/go.mod h1:KxxjdtRkfNoYDCUP5ryK7XJJNTnpC8atvtmTheChOtk=
github.com/package-url/packageurl-go v0.1.7 h1:iFWg6tzAjLA6F/qX3M5nZaiMHJgc+p2zxVyr/fY+sZY=
github.com/package-url/packageurl-go v0.1.7/go.mod h1:nKAWB8E6uk1MHqiS/lQb9pYBGH2+mdJ2PJc2s50dQY0=
golang.org/x/sys v0.0.0-20201018230417-eeed37f84f13/go.mod h1:h1NjWce9XRLGQEsW7wpKNCjG9DtNlClVuFLEZdDNbEs=
golang.org/x/sys v0.47.0 h1:o7XGOvZQCADBQQ4Y7VNq2dRWQR7JmOUW8Kxx4ZsNgWs=
golang.org/x/sys v0.47.0/go.mod h1:4GL1E5IUh+htKOUEOaiffhrAeqysfVGipDYzABqnCmw=
gopkg.in/Knetic/govaluate.v3 v3.0.0 h1:18mUyIt4ZlRlFZAAfVetz4/rzlJs9yhN+U02F4u1AOc=
gopkg.in/Knetic/govaluate.v3 v3.0.0/go.mod h1:csKLBORsPbafmSCGTEh3U7Ozmsuq8ZSIlKk1bcqph0E=
gopkg.in/check.v1 v0.0.0-20161208181325-20d25e280405/go.mod h1:Co6ibVJAznAaIkqp8huTwlJQCZ016jof/cbN4VW5Yz0=
gopkg.in/yaml.v3 v3.0.1 h1:fxVm/GzAzEWqLHuvctI91KS9hhNmmWOoWu0XTYJS7CA=
gopkg.in/yaml.v3 v3.0.1/go.mod h1:K4uyk7z7BCEPqu6E+C64Yfv1cQ7kz7rIZviUmN+EgEM=
